
Microsoft Visual Studio Solution File, Format Version 12.00
# Visual Studio Version 17
VisualStudioVersion = 17.2.32616.157
MinimumVisualStudioVersion = 10.0.40219.1
Project("{FAE04EC0-301F-11D3-BF4B-00C04F79EFBC}") = "TestAPIAuth", "TestAPIAuth\TestAPIAuth.csproj", "{8CBB5667-DF2B-466F-91F4-23FFA20C72F6}"
EndProject
Global
	GlobalSection(SolutionConfigurationPlatforms) = preSolution
		Debug|Any CPU = Debug|Any CPU
		Release|Any CPU = Release|Any CPU
	EndGlobalSection
	GlobalSection(ProjectConfigurationPlatforms) = postSolution
		{8CBB5667-DF2B-466F-91F4-23FFA20C72F6}.Debug|Any CPU.ActiveCfg = Debug|Any CPU
		{8CBB5667-DF2B-466F-91F4-23FFA20C72F6}.Debug|Any CPU.Build.0 = Debug|Any CPU
		{8CBB5667-DF2B-466F-91F4-23FFA20C72F6}.Release|Any CPU.ActiveCfg = Release|Any CPU
		{8CBB5667-DF2B-466F-91F4-23FFA20C72F6}.Release|Any CPU.Build.0 = Release|Any CPU
	EndGlobalSection
	GlobalSection(SolutionProperties) = preSolution
		HideSolutionNode = FALSE
	EndGlobalSection
	GlobalSection(ExtensibilityGlobals) = postSolution
		SolutionGuid = {83F2E0DF-E3AF-4AA1-ABD9-58DF2BEC2DE1}
	EndGlobalSection
EndGlobal
